
Microsoft Visual Studio Solution File, Format Version 12.00
# Visual Studio 2013
VisualStudioVersion = 12.0.31101.0
MinimumVisualStudioVersion = 10.0.40219.1
Project("{FAE04EC0-301F-11D3-BF4B-00C04F79EFBC}") = "TeamEWebSite", "TeamEWebSite\TeamEWebSite.csproj", "{D2CCC4CD-35DE-4C99-9157-DD6D5F267FDA}"
EndProject
Project("{FAE04EC0-301F-11D3-BF4B-00C04F79EFBC}") = "TeamEMVCProject", "TeamEMVCProject\TeamEMVCProject.csproj", "{A0871EDF-95D9-41B0-B40B-8B7AFAFF6D26}"
EndProject
Project("{FAE04EC0-301F-11D3-BF4B-00C04F79EFBC}") = "MVCDemo", "MVCDemo\MVCDemo.csproj", "{D2004D0E-8783-48C2-A5F2-D7AF477A1671}"
EndProject
Global
	GlobalSection(SolutionConfigurationPlatforms) = preSolution
		Debug|Any CPU = Debug|Any CPU
		Release|Any CPU = Release|Any CPU
	EndGlobalSection
	GlobalSection(ProjectConfigurationPlatforms) = postSolution
		{D2CCC4CD-35DE-4C99-9157-DD6D5F267FDA}.Debug|Any CPU.ActiveCfg = Debug|Any CPU
		{D2CCC4CD-35DE-4C99-9157-DD6D5F267FDA}.Debug|Any CPU.Build.0 = Debug|Any CPU
		{D2CCC4CD-35DE-4C99-9157-DD6D5F267FDA}.Release|Any CPU.ActiveCfg = Release|Any CPU
		{D2CCC4CD-35DE-4C99-9157-DD6D5F267FDA}.Release|Any CPU.Build.0 = Release|Any CPU
		{A0871EDF-95D9-41B0-B40B-8B7AFAFF6D26}.Debug|Any CPU.ActiveCfg = Debug|Any CPU
		{A0871EDF-95D9-41B0-B40B-8B7AFAFF6D26}.Debug|Any CPU.Build.0 = Debug|Any CPU
		{A0871EDF-95D9-41B0-B40B-8B7AFAFF6D26}.Release|Any CPU.ActiveCfg = Release|Any CPU
		{A0871EDF-95D9-41B0-B40B-8B7AFAFF6D26}.Release|Any CPU.Build.0 = Release|Any CPU
		{D2004D0E-8783-48C2-A5F2-D7AF477A1671}.Debug|Any CPU.ActiveCfg = Debug|Any CPU
		{D2004D0E-8783-48C2-A5F2-D7AF477A1671}.Debug|Any CPU.Build.0 = Debug|Any CPU
		{D2004D0E-8783-48C2-A5F2-D7AF477A1671}.Release|Any CPU.ActiveCfg = Release|Any CPU
		{D2004D0E-8783-48C2-A5F2-D7AF477A1671}.Release|Any CPU.Build.0 = Release|Any CPU
	EndGlobalSection
	GlobalSection(SolutionProperties) = preSolution
		HideSolutionNode = FALSE
	EndGlobalSection
EndGlobal
